// !$*UTF8*$!
{
	archiveVersion = 1;
	classes = {
	};
	objectVersion = 56;
	objects = {

/* Begin PBXBuildFile section */
		8BA0272A2A1C521800196FBB /* RallyApp.swift in Sources */ = {isa = PBXBuildFile; fileRef = 8BA027292A1C521800196FBB /* RallyApp.swift */; };
		8BA0272C2A1C521800196FBB /* ContentView.swift in Sources */ = {isa = PBXBuildFile; fileRef = 8BA0272B2A1C521800196FBB /* ContentView.swift */; };
		8BA0272E2A1C521900196FBB /* Assets.xcassets in Resources */ = {isa = PBXBuildFile; fileRef = 8BA0272D2A1C521900196FBB /* Assets.xcassets */; };
		8BA027312A1C521900196FBB /* Preview Assets.xcassets in Resources */ = {isa = PBXBuildFile; fileRef = 8BA027302A1C521900196FBB /* Preview Assets.xcassets */; };
		8BA0273B2A1C521900196FBB /* RallyTests.swift in Sources */ = {isa = PBXBuildFile; fileRef = 8BA0273A2A1C521900196FBB /* RallyTests.swift */; };
		8BA027452A1C521900196FBB /* RallyUITests.swift in Sources */ = {isa = PBXBuildFile; fileRef = 8BA027442A1C521900196FBB /* RallyUITests.swift */; };
		8BA027472A1C521900196FBB /* RallyUITestsLaunchTests.swift in Sources */ = {isa = PBXBuildFile; fileRef = 8BA027462A1C521900196FBB /* RallyUITestsLaunchTests.swift */; };
/* End PBXBuildFile section */

/* Begin PBXContainerItemProxy section */
		8BA027372A1C521900196FBB /* PBXContainerItemProxy */ = {
			isa = PBXContainerItemProxy;
			containerPortal = 8BA0271E2A1C521800196FBB /* Project object */;
			proxyType = 1;
			remoteGlobalIDString = 8BA027252A1C521800196FBB;
			remoteInfo = Rally;
		};
		8BA027412A1C521900196FBB /* PBXContainerItemProxy */ = {
			isa = PBXContainerItemProxy;
			containerPortal = 8BA0271E2A1C521800196FBB /* Project object */;
			proxyType = 1;
			remoteGlobalIDString = 8BA027252A1C521800196FBB;
			remoteInfo = Rally;
		};
/* End PBXContainerItemProxy section */

/* Begin PBXFileReference section */
		8BA027262A1C521800196FBB /* Rally.app */ = {isa = PBXFileReference; explicitFileType = wrapper.application; includeInIndex = 0; path = Rally.app; sourceTree = BUILT_PRODUCTS_DIR; };
		8BA027292A1C521800196FBB /* RallyApp.swift */ = {isa = PBXFileReference; lastKnownFileType = sourcecode.swift; path = RallyApp.swift; sourceTree = "<group>"; };
		8BA0272B2A1C521800196FBB /* ContentView.swift */ = {isa = PBXFileReference; lastKnownFileType = sourcecode.swift; path = ContentView.swift; sourceTree = "<group>"; };
		8BA0272D2A1C521900196FBB /* Assets.xcassets */ = {isa = PBXFileReference; lastKnownFileType = folder.assetcatalog; path = Assets.xcassets; sourceTree = "<group>"; };
		8BA027302A1C521900196FBB /* Preview Assets.xcassets */ = {isa = PBXFileReference; lastKnownFileType = folder.assetcatalog; path = "Preview Assets.xcassets"; sourceTree = "<group>"; };
		8BA027362A1C521900196FBB /* RallyTests.xctest */ = {isa = PBXFileReference; explicitFileType = wrapper.cfbundle; includeInIndex = 0; path = RallyTests.xctest; sourceTree = BUILT_PRODUCTS_DIR; };
		8BA0273A2A1C521900196FBB /* RallyTests.swift */ = {isa = PBXFileReference; lastKnownFileType = sourcecode.swift; path = RallyTests.swift; sourceTree = "<group>"; };
		8BA027402A1C521900196FBB /* RallyUITests.xctest */ = {isa = PBXFileReference; explicitFileType = wrapper.cfbundle; includeInIndex = 0; path = RallyUITests.xctest; sourceTree = BUILT_PRODUCTS_DIR; };
		8BA027442A1C521900196FBB /* RallyUITests.swift */ = {isa = PBXFileReference; lastKnownFileType = sourcecode.swift; path = RallyUITests.swift; sourceTree = "<group>"; };
		8BA027462A1C521900196FBB /* RallyUITestsLaunchTests.swift */ = {isa = PBXFileReference; lastKnownFileType = sourcecode.swift; path = RallyUITestsLaunchTests.swift; sourceTree = "<group>"; };
/* End PBXFileReference section */

/* Begin PBXFrameworksBuildPhase section */
		8BA027232A1C521800196FBB /* Frameworks */ = {
			isa = PBXFrameworksBuildPhase;
			buildActionMask = 2147483647;
			files = (
			);
			runOnlyForDeploymentPostprocessing = 0;
		};
		8BA027332A1C521900196FBB /* Frameworks */ = {
			isa = PBXFrameworksBuildPhase;
			buildActionMask = 2147483647;
			files = (
			);
			runOnlyForDeploymentPostprocessing = 0;
		};
		8BA0273D2A1C521900196FBB /* Frameworks */ = {
			isa = PBXFrameworksBuildPhase;
			buildActionMask = 2147483647;
			files = (
			);
			runOnlyForDeploymentPostprocessing = 0;
		};
/* End PBXFrameworksBuildPhase section */

/* Begin PBXGroup section */
		8BA0271D2A1C521800196FBB = {
			isa = PBXGroup;
			children = (
				8BA027282A1C521800196FBB /* Rally */,
				8BA027392A1C521900196FBB /* RallyTests */,
				8BA027432A1C521900196FBB /* RallyUITests */,
				8BA027272A1C521800196FBB /* Products */,
			);
			sourceTree = "<group>";
		};
		8BA027272A1C521800196FBB /* Products */ = {
			isa = PBXGroup;
			children = (
				8BA027262A1C521800196FBB /* Rally.app */,
				8BA027362A1C521900196FBB /* RallyTests.xctest */,
				8BA027402A1C521900196FBB /* RallyUITests.xctest */,
			);
			name = Products;
			sourceTree = "<group>";
		};
		8BA027282A1C521800196FBB /* Rally */ = {
			isa = PBXGroup;
			children = (
				8BA027292A1C521800196FBB /* RallyApp.swift */,
				8BA0272B2A1C521800196FBB /* ContentView.swift */,
				8BA0272D2A1C521900196FBB /* Assets.xcassets */,
				8BA0272F2A1C521900196FBB /* Preview Content */,
			);
			path = Rally;
			sourceTree = "<group>";
		};
		8BA0272F2A1C521900196FBB /* Preview Content */ = {
			isa = PBXGroup;
			children = (
				8BA027302A1C521900196FBB /* Preview Assets.xcassets */,
			);
			path = "Preview Content";
			sourceTree = "<group>";
		};
		8BA027392A1C521900196FBB /* RallyTests */ = {
			isa = PBXGroup;
			children = (
				8BA0273A2A1C521900196FBB /* RallyTests.swift */,
			);
			path = RallyTests;
			sourceTree = "<group>";
		};
		8BA027432A1C521900196FBB /* RallyUITests */ = {
			isa = PBXGroup;
			children = (
				8BA027442A1C521900196FBB /* RallyUITests.swift */,
				8BA027462A1C521900196FBB /* RallyUITestsLaunchTests.swift */,
			);
			path = RallyUITests;
			sourceTree = "<group>";
		};
/* End PBXGroup section */

/* Begin PBXNativeTarget section */
		8BA027252A1C521800196FBB /* Rally */ = {
			isa = PBXNativeTarget;
			buildConfigurationList = 8BA0274A2A1C521900196FBB /* Build configuration list for PBXNativeTarget "Rally" */;
			buildPhases = (
				8BA027222A1C521800196FBB /* Sources */,
				8BA027232A1C521800196FBB /* Frameworks */,
				8BA027242A1C521800196FBB /* Resources */,
			);
			buildRules = (
			);
			dependencies = (
			);
			name = Rally;
			productName = Rally;
			productReference = 8BA027262A1C521800196FBB /* Rally.app */;
			productType = "com.apple.product-type.application";
		};
		8BA027352A1C521900196FBB /* RallyTests */ = {
			isa = PBXNativeTarget;
			buildConfigurationList = 8BA0274D2A1C521900196FBB /* Build configuration list for PBXNativeTarget "RallyTests" */;
			buildPhases = (
				8BA027322A1C521900196FBB /* Sources */,
				8BA027332A1C521900196FBB /* Frameworks */,
				8BA027342A1C521900196FBB /* Resources */,
			);
			buildRules = (
			);
			dependencies = (
				8BA027382A1C521900196FBB /* PBXTargetDependency */,
			);
			name = RallyTests;
			productName = RallyTests;
			productReference = 8BA027362A1C521900196FBB /* RallyTests.xctest */;
			productType = "com.apple.product-type.bundle.unit-test";
		};
		8BA0273F2A1C521900196FBB /* RallyUITests */ = {
			isa = PBXNativeTarget;
			buildConfigurationList = 8BA027502A1C521900196FBB /* Build configuration list for PBXNativeTarget "RallyUITests" */;
			buildPhases = (
				8BA0273C2A1C521900196FBB /* Sources */,
				8BA0273D2A1C521900196FBB /* Frameworks */,
				8BA0273E2A1C521900196FBB /* Resources */,
			);
			buildRules = (
			);
			dependencies = (
				8BA027422A1C521900196FBB /* PBXTargetDependency */,
			);
			name = RallyUITests;
			productName = RallyUITests;
			productReference = 8BA027402A1C521900196FBB /* RallyUITests.xctest */;
			productType = "com.apple.product-type.bundle.ui-testing";
		};
/* End PBXNativeTarget section */

/* Begin PBXProject section */
		8BA0271E2A1C521800196FBB /* Project object */ = {
			isa = PBXProject;
			attributes = {
				BuildIndependentTargetsInParallel = 1;
				LastSwiftUpdateCheck = 1430;
				LastUpgradeCheck = 1430;
				TargetAttributes = {
					8BA027252A1C521800196FBB = {
						CreatedOnToolsVersion = 14.3;
					};
					8BA027352A1C521900196FBB = {
						CreatedOnToolsVersion = 14.3;
						TestTargetID = 8BA027252A1C521800196FBB;
					};
					8BA0273F2A1C521900196FBB = {
						CreatedOnToolsVersion = 14.3;
						TestTargetID = 8BA027252A1C521800196FBB;
					};
				};
			};
			buildConfigurationList = 8BA027212A1C521800196FBB /* Build configuration list for PBXProject "Rally" */;
			compatibilityVersion = "Xcode 14.0";
			developmentRegion = en;
			hasScannedForEncodings = 0;
			knownRegions = (
				en,
				Base,
			);
			mainGroup = 8BA0271D2A1C521800196FBB;
			productRefGroup = 8BA027272A1C521800196FBB /* Products */;
			projectDirPath = "";
			projectRoot = "";
			targets = (
				8BA027252A1C521800196FBB /* Rally */,
				8BA027352A1C521900196FBB /* RallyTests */,
				8BA0273F2A1C521900196FBB /* RallyUITests */,
			);
		};
/* End PBXProject section */

/* Begin PBXResourcesBuildPhase section */
		8BA027242A1C521800196FBB /* Resources */ = {
			isa = PBXResourcesBuildPhase;
			buildActionMask = 2147483647;
			files = (
				8BA027312A1C521900196FBB /* Preview Assets.xcassets in Resources */,
				8BA0272E2A1C521900196FBB /* Assets.xcassets in Resources */,
			);
			runOnlyForDeploymentPostprocessing = 0;
		};
		8BA027342A1C521900196FBB /* Resources */ = {
			isa = PBXResourcesBuildPhase;
			buildActionMask = 2147483647;
			files = (
			);
			runOnlyForDeploymentPostprocessing = 0;
		};
		8BA0273E2A1C521900196FBB /* Resources */ = {
			isa = PBXResourcesBuildPhase;
			buildActionMask = 2147483647;
			files = (
			);
			runOnlyForDeploymentPostprocessing = 0;
		};
/* End PBXResourcesBuildPhase section */

/* Begin PBXSourcesBuildPhase section */
		8BA027222A1C521800196FBB /* Sources */ = {
			isa = PBXSourcesBuildPhase;
			buildActionMask = 2147483647;
			files = (
				8BA0272C2A1C521800196FBB /* ContentView.swift in Sources */,
				8BA0272A2A1C521800196FBB /* RallyApp.swift in Sources */,
			);
			runOnlyForDeploymentPostprocessing = 0;
		};
		8BA027322A1C521900196FBB /* Sources */ = {
			isa = PBXSourcesBuildPhase;
			buildActionMask = 2147483647;
			files = (
				8BA0273B2A1C521900196FBB /* RallyTests.swift in Sources */,
			);
			runOnlyForDeploymentPostprocessing = 0;
		};
		8BA0273C2A1C521900196FBB /* Sources */ = {
			isa = PBXSourcesBuildPhase;
			buildActionMask = 2147483647;
			files = (
				8BA027452A1C521900196FBB /* RallyUITests.swift in Sources */,
				8BA027472A1C521900196FBB /* RallyUITestsLaunchTests.swift in Sources */,
			);
			runOnlyForDeploymentPostprocessing = 0;
		};
/* End PBXSourcesBuildPhase section */

/* Begin PBXTargetDependency section */
		8BA027382A1C521900196FBB /* PBXTargetDependency */ = {
			isa = PBXTargetDependency;
			target = 8BA027252A1C521800196FBB /* Rally */;
			targetProxy = 8BA027372A1C521900196FBB /* PBXContainerItemProxy */;
		};
		8BA027422A1C521900196FBB /* PBXTargetDependency */ = {
			isa = PBXTargetDependency;
			target = 8BA027252A1C521800196FBB /* Rally */;
			targetProxy = 8BA027412A1C521900196FBB /* PBXContainerItemProxy */;
		};
/* End PBXTargetDependency section */

/* Begin XCBuildConfiguration section */
		8BA027482A1C521900196FBB /* Debug */ = {
			isa = XCBuildConfiguration;
			buildSettings = {
				ALWAYS_SEARCH_USER_PATHS = NO;
				CLANG_ANALYZER_NONNULL = YES;
				CLANG_ANALYZER_NUMBER_OBJECT_CONVERSION = YES_AGGRESSIVE;
				CLANG_CXX_LANGUAGE_STANDARD = "gnu++20";
				CLANG_ENABLE_MODULES = YES;
				CLANG_ENABLE_OBJC_ARC = YES;
				CLANG_ENABLE_OBJC_WEAK = YES;
				CLANG_WARN_BLOCK_CAPTURE_AUTORELEASING = YES;
				CLANG_WARN_BOOL_CONVERSION = YES;
				CLANG_WARN_COMMA = YES;
				CLANG_WARN_CONSTANT_CONVERSION = YES;
				CLANG_WARN_DEPRECATED_OBJC_IMPLEMENTATIONS = YES;
				CLANG_WARN_DIRECT_OBJC_ISA_USAGE = YES_ERROR;
				CLANG_WARN_DOCUMENTATION_COMMENTS = YES;
				CLANG_WARN_EMPTY_BODY = YES;
				CLANG_WARN_ENUM_CONVERSION = YES;
				CLANG_WARN_INFINITE_RECURSION = YES;
				CLANG_WARN_INT_CONVERSION = YES;
				CLANG_WARN_NON_LITERAL_NULL_CONVERSION = YES;
				CLANG_WARN_OBJC_IMPLICIT_RETAIN_SELF = YES;
				CLANG_WARN_OBJC_LITERAL_CONVERSION = YES;
				CLANG_WARN_OBJC_ROOT_CLASS = YES_ERROR;
				CLANG_WARN_QUOTED_INCLUDE_IN_FRAMEWORK_HEADER = YES;
				CLANG_WARN_RANGE_LOOP_ANALYSIS = YES;
				CLANG_WARN_STRICT_PROTOTYPES = YES;
				CLANG_WARN_SUSPICIOUS_MOVE = YES;
				CLANG_WARN_UNGUARDED_AVAILABILITY = YES_AGGRESSIVE;
				CLANG_WARN_UNREACHABLE_CODE = YES;
				CLANG_WARN__DUPLICATE_METHOD_MATCH = YES;
				COPY_PHASE_STRIP = NO;
				DEBUG_INFORMATION_FORMAT = dwarf;
				ENABLE_STRICT_OBJC_MSGSEND = YES;
				ENABLE_TESTABILITY = YES;
				GCC_C_LANGUAGE_STANDARD = gnu11;
				GCC_DYNAMIC_NO_PIC = NO;
				GCC_NO_COMMON_BLOCKS = YES;
				GCC_OPTIMIZATION_LEVEL = 0;
				GCC_PREPROCESSOR_DEFINITIONS = (
					"DEBUG=1",
					"$(inherited)",
				);
				GCC_WARN_64_TO_32_BIT_CONVERSION = YES;
				GCC_WARN_ABOUT_RETURN_TYPE = YES_ERROR;
				GCC_WARN_UNDECLARED_SELECTOR = YES;
				GCC_WARN_UNINITIALIZED_AUTOS = YES_AGGRESSIVE;
				GCC_WARN_UNUSED_FUNCTION = YES;
				GCC_WARN_UNUSED_VARIABLE = YES;
				IPHONEOS_DEPLOYMENT_TARGET = 16.4;
				MTL_ENABLE_DEBUG_INFO = INCLUDE_SOURCE;
				MTL_FAST_MATH = YES;
				ONLY_ACTIVE_ARCH = YES;
				SDKROOT = iphoneos;
				SWIFT_ACTIVE_COMPILATION_CONDITIONS = DEBUG;
				SWIFT_OPTIMIZATION_LEVEL = "-Onone";
			};
			name = Debug;
		};
		8BA027492A1C521900196FBB /* Release */ = {
			isa = XCBuildConfiguration;
			buildSettings = {
				ALWAYS_SEARCH_USER_PATHS = NO;
				CLANG_ANALYZER_NONNULL = YES;
				CLANG_ANALYZER_NUMBER_OBJECT_CONVERSION = YES_AGGRESSIVE;
				CLANG_CXX_LANGUAGE_STANDARD = "gnu++20";
				CLANG_ENABLE_MODULES = YES;
				CLANG_ENABLE_OBJC_ARC = YES;
				CLANG_ENABLE_OBJC_WEAK = YES;
				CLANG_WARN_BLOCK_CAPTURE_AUTORELEASING = YES;
				CLANG_WARN_BOOL_CONVERSION = YES;
				CLANG_WARN_COMMA = YES;
				CLANG_WARN_CONSTANT_CONVERSION = YES;
				CLANG_WARN_DEPRECATED_OBJC_IMPLEMENTATIONS = YES;
				CLANG_WARN_DIRECT_OBJC_ISA_USAGE = YES_ERROR;
				CLANG_WARN_DOCUMENTATION_COMMENTS = YES;
				CLANG_WARN_EMPTY_BODY = YES;
				CLANG_WARN_ENUM_CONVERSION = YES;
				CLANG_WARN_INFINITE_RECURSION = YES;
				CLANG_WARN_INT_CONVERSION = YES;
				CLANG_WARN_NON_LITERAL_NULL_CONVERSION = YES;
				CLANG_WARN_OBJC_IMPLICIT_RETAIN_SELF = YES;
				CLANG_WARN_OBJC_LITERAL_CONVERSION = YES;
				CLANG_WARN_OBJC_ROOT_CLASS = YES_ERROR;
				CLANG_WARN_QUOTED_INCLUDE_IN_FRAMEWORK_HEADER = YES;
				CLANG_WARN_RANGE_LOOP_ANALYSIS = YES;
				CLANG_WARN_STRICT_PROTOTYPES = YES;
				CLANG_WARN_SUSPICIOUS_MOVE = YES;
				CLANG_WARN_UNGUARDED_AVAILABILITY = YES_AGGRESSIVE;
				CLANG_WARN_UNREACHABLE_CODE = YES;
				CLANG_WARN__DUPLICATE_METHOD_MATCH = YES;
				COPY_PHASE_STRIP = NO;
				DEBUG_INFORMATION_FORMAT = "dwarf-with-dsym";
				ENABLE_NS_ASSERTIONS = NO;
				ENABLE_STRICT_OBJC_MSGSEND = YES;
				GCC_C_LANGUAGE_STANDARD = gnu11;
				GCC_NO_COMMON_BLOCKS = YES;
				GCC_WARN_64_TO_32_BIT_CONVERSION = YES;
				GCC_WARN_ABOUT_RETURN_TYPE = YES_ERROR;
				GCC_WARN_UNDECLARED_SELECTOR = YES;
				GCC_WARN_UNINITIALIZED_AUTOS = YES_AGGRESSIVE;
				GCC_WARN_UNUSED_FUNCTION = YES;
				GCC_WARN_UNUSED_VARIABLE = YES;
				IPHONEOS_DEPLOYMENT_TARGET = 16.4;
				MTL_ENABLE_DEBUG_INFO = NO;
				MTL_FAST_MATH = YES;
				SDKROOT = iphoneos;
				SWIFT_COMPILATION_MODE = wholemodule;
				SWIFT_OPTIMIZATION_LEVEL = "-O";
				VALIDATE_PRODUCT = YES;
			};
			name = Release;
		};
		8BA0274B2A1C521900196FBB /* Debug */ = {
			isa = XCBuildConfiguration;
			buildSettings = {
				ASSETCATALOG_COMPILER_APPICON_NAME = AppIcon;
				ASSETCATALOG_COMPILER_GLOBAL_ACCENT_COLOR_NAME = AccentColor;
				CODE_SIGN_STYLE = Automatic;
				CURRENT_PROJECT_VERSION = 1;
				DEVELOPMENT_ASSET_PATHS = "\"Rally/Preview Content\"";
				DEVELOPMENT_TEAM = SDKG5TB6QS;
				ENABLE_PREVIEWS = YES;
				GENERATE_INFOPLIST_FILE = YES;
				INFOPLIST_KEY_UIApplicationSceneManifest_Generation = YES;
				INFOPLIST_KEY_UIApplicationSupportsIndirectInputEvents = YES;
				INFOPLIST_KEY_UILaunchScreen_Generation = YES;
				INFOPLIST_KEY_UISupportedInterfaceOrientations_iPad = "UIInterfaceOrientationPortrait UIInterfaceOrientationPortraitUpsideDown UIInterfaceOrientationLandscapeLeft UIInterfaceOrientationLandscapeRight";
				INFOPLIST_KEY_UISupportedInterfaceOrientations_iPhone = "UIInterfaceOrientationPortrait UIInterfaceOrientationLandscapeLeft UIInterfaceOrientationLandscapeRight";
				LD_RUNPATH_SEARCH_PATHS = (
					"$(inherited)",
					"@executable_path/Frameworks",
				);
				MARKETING_VERSION = 1.0;
				PRODUCT_BUNDLE_IDENTIFIER = sfsu.Rally;
				PRODUCT_NAME = "$(TARGET_NAME)";
				SWIFT_EMIT_LOC_STRINGS = YES;
				SWIFT_VERSION = 5.0;
				TARGETED_DEVICE_FAMILY = "1,2";
			};
			name = Debug;
		};
		8BA0274C2A1C521900196FBB /* Release */ = {
			isa = XCBuildConfiguration;
			buildSettings = {
				ASSETCATALOG_COMPILER_APPICON_NAME = AppIcon;
				ASSETCATALOG_COMPILER_GLOBAL_ACCENT_COLOR_NAME = AccentColor;
				CODE_SIGN_STYLE = Automatic;
				CURRENT_PROJECT_VERSION = 1;
				DEVELOPMENT_ASSET_PATHS = "\"Rally/Preview Content\"";
				DEVELOPMENT_TEAM = SDKG5TB6QS;
				ENABLE_PREVIEWS = YES;
				GENERATE_INFOPLIST_FILE = YES;
				INFOPLIST_KEY_UIApplicationSceneManifest_Generation = YES;
				INFOPLIST_KEY_UIApplicationSupportsIndirectInputEvents = YES;
				INFOPLIST_KEY_UILaunchScreen_Generation = YES;
				INFOPLIST_KEY_UISupportedInterfaceOrientations_iPad = "UIInterfaceOrientationPortrait UIInterfaceOrientationPortraitUpsideDown UIInterfaceOrientationLandscapeLeft UIInterfaceOrientationLandscapeRight";
				INFOPLIST_KEY_UISupportedInterfaceOrientations_iPhone = "UIInterfaceOrientationPortrait UIInterfaceOrientationLandscapeLeft UIInterfaceOrientationLandscapeRight";
				LD_RUNPATH_SEARCH_PATHS = (
					"$(inherited)",
					"@executable_path/Frameworks",
				);
				MARKETING_VERSION = 1.0;
				PRODUCT_BUNDLE_IDENTIFIER = sfsu.Rally;
				PRODUCT_NAME = "$(TARGET_NAME)";
				SWIFT_EMIT_LOC_STRINGS = YES;
				SWIFT_VERSION = 5.0;
				TARGETED_DEVICE_FAMILY = "1,2";
			};
			name = Release;
		};
		8BA0274E2A1C521900196FBB /* Debug */ = {
			isa = XCBuildConfiguration;
			buildSettings = {
				ALWAYS_EMBED_SWIFT_STANDARD_LIBRARIES = YES;
				BUNDLE_LOADER = "$(TEST_HOST)";
				CODE_SIGN_STYLE = Automatic;
				CURRENT_PROJECT_VERSION = 1;
				GENERATE_INFOPLIST_FILE = YES;
				IPHONEOS_DEPLOYMENT_TARGET = 16.4;
				MARKETING_VERSION = 1.0;
				PRODUCT_BUNDLE_IDENTIFIER = sfsu.RallyTests;
				PRODUCT_NAME = "$(TARGET_NAME)";
				SWIFT_EMIT_LOC_STRINGS = NO;
				SWIFT_VERSION = 5.0;
				TARGETED_DEVICE_FAMILY = "1,2";
				TEST_HOST = "$(BUILT_PRODUCTS_DIR)/Rally.app/$(BUNDLE_EXECUTABLE_FOLDER_PATH)/Rally";
			};
			name = Debug;
		};
		8BA0274F2A1C521900196FBB /* Release */ = {
			isa = XCBuildConfiguration;
			buildSettings = {
				ALWAYS_EMBED_SWIFT_STANDARD_LIBRARIES = YES;
				BUNDLE_LOADER = "$(TEST_HOST)";
				CODE_SIGN_STYLE = Automatic;
				CURRENT_PROJECT_VERSION = 1;
				GENERATE_INFOPLIST_FILE = YES;
				IPHONEOS_DEPLOYMENT_TARGET = 16.4;
				MARKETING_VERSION = 1.0;
				PRODUCT_BUNDLE_IDENTIFIER = sfsu.RallyTests;
				PRODUCT_NAME = "$(TARGET_NAME)";
				SWIFT_EMIT_LOC_STRINGS = NO;
				SWIFT_VERSION = 5.0;
				TARGETED_DEVICE_FAMILY = "1,2";
				TEST_HOST = "$(BUILT_PRODUCTS_DIR)/Rally.app/$(BUNDLE_EXECUTABLE_FOLDER_PATH)/Rally";
			};
			name = Release;
		};
		8BA027512A1C521900196FBB /* Debug */ = {
			isa = XCBuildConfiguration;
			buildSettings = {
				ALWAYS_EMBED_SWIFT_STANDARD_LIBRARIES = YES;
				CODE_SIGN_STYLE = Automatic;
				CURRENT_PROJECT_VERSION = 1;
				GENERATE_INFOPLIST_FILE = YES;
				MARKETING_VERSION = 1.0;
				PRODUCT_BUNDLE_IDENTIFIER = sfsu.RallyUITests;
				PRODUCT_NAME = "$(TARGET_NAME)";
				SWIFT_EMIT_LOC_STRINGS = NO;
				SWIFT_VERSION = 5.0;
				TARGETED_DEVICE_FAMILY = "1,2";
				TEST_TARGET_NAME = Rally;
			};
			name = Debug;
		};
		8BA027522A1C521900196FBB /* Release */ = {
			isa = XCBuildConfiguration;
			buildSettings = {
				ALWAYS_EMBED_SWIFT_STANDARD_LIBRARIES = YES;
				CODE_SIGN_STYLE = Automatic;
				CURRENT_PROJECT_VERSION = 1;
				GENERATE_INFOPLIST_FILE = YES;
				MARKETING_VERSION = 1.0;
				PRODUCT_BUNDLE_IDENTIFIER = sfsu.RallyUITests;
				PRODUCT_NAME = "$(TARGET_NAME)";
				SWIFT_EMIT_LOC_STRINGS = NO;
				SWIFT_VERSION = 5.0;
				TARGETED_DEVICE_FAMILY = "1,2";
				TEST_TARGET_NAME = Rally;
			};
			name = Release;
		};
/* End XCBuildConfiguration section */

/* Begin XCConfigurationList section */
		8BA027212A1C521800196FBB /* Build configuration list for PBXProject "Rally" */ = {
			isa = XCConfigurationList;
			buildConfigurations = (
				8BA027482A1C521900196FBB /* Debug */,
				8BA027492A1C521900196FBB /* Release */,
			);
			defaultConfigurationIsVisible = 0;
			defaultConfigurationName = Release;
		};
		8BA0274A2A1C521900196FBB /* Build configuration list for PBXNativeTarget "Rally" */ = {
			isa = XCConfigurationList;
			buildConfigurations = (
				8BA0274B2A1C521900196FBB /* Debug */,
				8BA0274C2A1C521900196FBB /* Release */,
			);
			defaultConfigurationIsVisible = 0;
			defaultConfigurationName = Release;
		};
		8BA0274D2A1C521900196FBB /* Build configuration list for PBXNativeTarget "RallyTests" */ = {
			isa = XCConfigurationList;
			buildConfigurations = (
				8BA0274E2A1C521900196FBB /* Debug */,
				8BA0274F2A1C521900196FBB /* Release */,
			);
			defaultConfigurationIsVisible = 0;
			defaultConfigurationName = Release;
		};
		8BA027502A1C521900196FBB /* Build configuration list for PBXNativeTarget "RallyUITests" */ = {
			isa = XCConfigurationList;
			buildConfigurations = (
				8BA027512A1C521900196FBB /* Debug */,
				8BA027522A1C521900196FBB /* Release */,
			);
			defaultConfigurationIsVisible = 0;
			defaultConfigurationName = Release;
		};
/* End XCConfigurationList section */
	};
	rootObject = 8BA0271E2A1C521800196FBB /* Project object */;
}
